// !$*UTF8*$!
{
	archiveVersion = 1;
	classes = {
	};
	objectVersion = 46;
	objects = {

/* Begin PBXBuildFile section */
		FD0DD0C9185141E3009EF4D0 /* Aperture.m in Sources */ = {isa = PBXBuildFile; fileRef = FD0DD0C4185141E3009EF4D0 /* Aperture.m */; };
		FD0DD0CA185141E3009EF4D0 /* Camera.m in Sources */ = {isa = PBXBuildFile; fileRef = FD0DD0C6185141E3009EF4D0 /* Camera.m */; };
		FD0DD0CB185141E3009EF4D0 /* DOFCalculator.m in Sources */ = {isa = PBXBuildFile; fileRef = FD0DD0C8185141E3009EF4D0 /* DOFCalculator.m */; };
		FD7A2B3A18488E68007ADDA5 /* Foundation.framework in Frameworks */ = {isa = PBXBuildFile; fileRef = FD7A2B3918488E68007ADDA5 /* Foundation.framework */; };
		FD7A2B3C18488E68007ADDA5 /* CoreGraphics.framework in Frameworks */ = {isa = PBXBuildFile; fileRef = FD7A2B3B18488E68007ADDA5 /* CoreGraphics.framework */; };
		FD7A2B3E18488E68007ADDA5 /* UIKit.framework in Frameworks */ = {isa = PBXBuildFile; fileRef = FD7A2B3D18488E68007ADDA5 /* UIKit.framework */; };
		FD7A2B4418488E68007ADDA5 /* InfoPlist.strings in Resources */ = {isa = PBXBuildFile; fileRef = FD7A2B4218488E68007ADDA5 /* InfoPlist.strings */; };
		FD7A2B4618488E68007ADDA5 /* main.m in Sources */ = {isa = PBXBuildFile; fileRef = FD7A2B4518488E68007ADDA5 /* main.m */; };
		FD7A2B4A18488E68007ADDA5 /* AppDelegate.m in Sources */ = {isa = PBXBuildFile; fileRef = FD7A2B4918488E68007ADDA5 /* AppDelegate.m */; };
		FD7A2B4D18488E68007ADDA5 /* Main.storyboard in Resources */ = {isa = PBXBuildFile; fileRef = FD7A2B4B18488E68007ADDA5 /* Main.storyboard */; };
		FD7A2B5018488E68007ADDA5 /* DOFCalculatorViewController.m in Sources */ = {isa = PBXBuildFile; fileRef = FD7A2B4F18488E68007ADDA5 /* DOFCalculatorViewController.m */; };
		FD7A2B5218488E68007ADDA5 /* Images.xcassets in Resources */ = {isa = PBXBuildFile; fileRef = FD7A2B5118488E68007ADDA5 /* Images.xcassets */; };
		FD7A2B5918488E68007ADDA5 /* XCTest.framework in Frameworks */ = {isa = PBXBuildFile; fileRef = FD7A2B5818488E68007ADDA5 /* XCTest.framework */; };
		FD7A2B5A18488E68007ADDA5 /* Foundation.framework in Frameworks */ = {isa = PBXBuildFile; fileRef = FD7A2B3918488E68007ADDA5 /* Foundation.framework */; };
		FD7A2B5B18488E68007ADDA5 /* UIKit.framework in Frameworks */ = {isa = PBXBuildFile; fileRef = FD7A2B3D18488E68007ADDA5 /* UIKit.framework */; };
		FD7A2B6318488E68007ADDA5 /* InfoPlist.strings in Resources */ = {isa = PBXBuildFile; fileRef = FD7A2B6118488E68007ADDA5 /* InfoPlist.strings */; };
		FD7A2B6518488E68007ADDA5 /* CameraKitTests.m in Sources */ = {isa = PBXBuildFile; fileRef = FD7A2B6418488E68007ADDA5 /* CameraKitTests.m */; };
		FD839CF3184EC56E00E1B897 /* CameraBrandTableViewController.m in Sources */ = {isa = PBXBuildFile; fileRef = FD839CF2184EC56D00E1B897 /* CameraBrandTableViewController.m */; };
		FD839CF6184EDD6C00E1B897 /* CameraModelTableViewController.m in Sources */ = {isa = PBXBuildFile; fileRef = FD839CF5184EDD6C00E1B897 /* CameraModelTableViewController.m */; };
		FDC0945A18567CFA00DF219E /* DOFCalculatorTests.m in Sources */ = {isa = PBXBuildFile; fileRef = FDC0945918567CFA00DF219E /* DOFCalculatorTests.m */; };
		FDC0945D1856DA4200DF219E /* dof_explained.gif in Resources */ = {isa = PBXBuildFile; fileRef = FDC0945C1856DA4200DF219E /* dof_explained.gif */; };
		FDC0945F1857E64200DF219E /* CameraRepository.plist in Resources */ = {isa = PBXBuildFile; fileRef = FDC0945E1857E64200DF219E /* CameraRepository.plist */; };
/* End PBXBuildFile section */

/* Begin PBXContainerItemProxy section */
		FD7A2B5C18488E68007ADDA5 /* PBXContainerItemProxy */ = {
			isa = PBXContainerItemProxy;
			containerPortal = FD7A2B2E18488E68007ADDA5 /* Project object */;
			proxyType = 1;
			remoteGlobalIDString = FD7A2B3518488E68007ADDA5;
			remoteInfo = CameraKit;
		};
/* End PBXContainerItemProxy section */

/* Begin PBXFileReference section */
		FD0DD0C3185141E3009EF4D0 /* Aperture.h */ = {isa = PBXFileReference; fileEncoding = 4; lastKnownFileType = sourcecode.c.h; name = Aperture.h; path = CameraKit/Aperture.h; sourceTree = "<group>"; };
		FD0DD0C4185141E3009EF4D0 /* Aperture.m */ = {isa = PBXFileReference; fileEncoding = 4; lastKnownFileType = sourcecode.c.objc; name = Aperture.m; path = CameraKit/Aperture.m; sourceTree = "<group>"; };
		FD0DD0C5185141E3009EF4D0 /* Camera.h */ = {isa = PBXFileReference; fileEncoding = 4; lastKnownFileType = sourcecode.c.h; name = Camera.h; path = CameraKit/Camera.h; sourceTree = "<group>"; };
		FD0DD0C6185141E3009EF4D0 /* Camera.m */ = {isa = PBXFileReference; fileEncoding = 4; lastKnownFileType = sourcecode.c.objc; name = Camera.m; path = CameraKit/Camera.m; sourceTree = "<group>"; };
		FD0DD0C7185141E3009EF4D0 /* DOFCalculator.h */ = {isa = PBXFileReference; fileEncoding = 4; lastKnownFileType = sourcecode.c.h; name = DOFCalculator.h; path = CameraKit/DOFCalculator.h; sourceTree = "<group>"; };
		FD0DD0C8185141E3009EF4D0 /* DOFCalculator.m */ = {isa = PBXFileReference; fileEncoding = 4; lastKnownFileType = sourcecode.c.objc; name = DOFCalculator.m; path = CameraKit/DOFCalculator.m; sourceTree = "<group>"; };
		FD7A2B3618488E68007ADDA5 /* CameraKit.app */ = {isa = PBXFileReference; explicitFileType = wrapper.application; includeInIndex = 0; path = CameraKit.app; sourceTree = BUILT_PRODUCTS_DIR; };
		FD7A2B3918488E68007ADDA5 /* Foundation.framework */ = {isa = PBXFileReference; lastKnownFileType = wrapper.framework; name = Foundation.framework; path = System/Library/Frameworks/Foundation.framework; sourceTree = SDKROOT; };
		FD7A2B3B18488E68007ADDA5 /* CoreGraphics.framework */ = {isa = PBXFileReference; lastKnownFileType = wrapper.framework; name = CoreGraphics.framework; path = System/Library/Frameworks/CoreGraphics.framework; sourceTree = SDKROOT; };
		FD7A2B3D18488E68007ADDA5 /* UIKit.framework */ = {isa = PBXFileReference; lastKnownFileType = wrapper.framework; name = UIKit.framework; path = System/Library/Frameworks/UIKit.framework; sourceTree = SDKROOT; };
		FD7A2B4118488E68007ADDA5 /* CameraKit-Info.plist */ = {isa = PBXFileReference; lastKnownFileType = text.plist.xml; path = "CameraKit-Info.plist"; sourceTree = "<group>"; };
		FD7A2B4318488E68007ADDA5 /* en */ = {isa = PBXFileReference; lastKnownFileType = text.plist.strings; name = en; path = en.lproj/InfoPlist.strings; sourceTree = "<group>"; };
		FD7A2B4518488E68007ADDA5 /* main.m */ = {isa = PBXFileReference; lastKnownFileType = sourcecode.c.objc; path = main.m; sourceTree = "<group>"; };
		FD7A2B4718488E68007ADDA5 /* CameraKit-Prefix.pch */ = {isa = PBXFileReference; lastKnownFileType = sourcecode.c.h; path = "CameraKit-Prefix.pch"; sourceTree = "<group>"; };
		FD7A2B4818488E68007ADDA5 /* AppDelegate.h */ = {isa = PBXFileReference; lastKnownFileType = sourcecode.c.h; path = AppDelegate.h; sourceTree = "<group>"; };
		FD7A2B4918488E68007ADDA5 /* AppDelegate.m */ = {isa = PBXFileReference; lastKnownFileType = sourcecode.c.objc; path = AppDelegate.m; sourceTree = "<group>"; };
		FD7A2B4C18488E68007ADDA5 /* Base */ = {isa = PBXFileReference; lastKnownFileType = file.storyboard; name = Base; path = Base.lproj/Main.storyboard; sourceTree = "<group>"; };
		FD7A2B4E18488E68007ADDA5 /* DOFCalculatorViewController.h */ = {isa = PBXFileReference; lastKnownFileType = sourcecode.c.h; path = DOFCalculatorViewController.h; sourceTree = "<group>"; };
		FD7A2B4F18488E68007ADDA5 /* DOFCalculatorViewController.m */ = {isa = PBXFileReference; lastKnownFileType = sourcecode.c.objc; path = DOFCalculatorViewController.m; sourceTree = "<group>"; };
		FD7A2B5118488E68007ADDA5 /* Images.xcassets */ = {isa = PBXFileReference; lastKnownFileType = folder.assetcatalog; path = Images.xcassets; sourceTree = "<group>"; };
		FD7A2B5718488E68007ADDA5 /* CameraKitTests.xctest */ = {isa = PBXFileReference; explicitFileType = wrapper.cfbundle; includeInIndex = 0; path = CameraKitTests.xctest; sourceTree = BUILT_PRODUCTS_DIR; };
		FD7A2B5818488E68007ADDA5 /* XCTest.framework */ = {isa = PBXFileReference; lastKnownFileType = wrapper.framework; name = XCTest.framework; path = Library/Frameworks/XCTest.framework; sourceTree = DEVELOPER_DIR; };
		FD7A2B6018488E68007ADDA5 /* CameraKitTests-Info.plist */ = {isa = PBXFileReference; lastKnownFileType = text.plist.xml; path = "CameraKitTests-Info.plist"; sourceTree = "<group>"; };
		FD7A2B6218488E68007ADDA5 /* en */ = {isa = PBXFileReference; lastKnownFileType = text.plist.strings; name = en; path = en.lproj/InfoPlist.strings; sourceTree = "<group>"; };
		FD7A2B6418488E68007ADDA5 /* CameraKitTests.m */ = {isa = PBXFileReference; lastKnownFileType = sourcecode.c.objc; path = CameraKitTests.m; sourceTree = "<group>"; };
		FD839CF1184EC56D00E1B897 /* CameraBrandTableViewController.h */ = {isa = PBXFileReference; fileEncoding = 4; lastKnownFileType = sourcecode.c.h; path = CameraBrandTableViewController.h; sourceTree = "<group>"; };
		FD839CF2184EC56D00E1B897 /* CameraBrandTableViewController.m */ = {isa = PBXFileReference; fileEncoding = 4; lastKnownFileType = sourcecode.c.objc; path = CameraBrandTableViewController.m; sourceTree = "<group>"; };
		FD839CF4184EDD6C00E1B897 /* CameraModelTableViewController.h */ = {isa = PBXFileReference; fileEncoding = 4; lastKnownFileType = sourcecode.c.h; name = CameraModelTableViewController.h; path = ../CameraModelTableViewController.h; sourceTree = "<group>"; };
		FD839CF5184EDD6C00E1B897 /* CameraModelTableViewController.m */ = {isa = PBXFileReference; fileEncoding = 4; lastKnownFileType = sourcecode.c.objc; name = CameraModelTableViewController.m; path = ../CameraModelTableViewController.m; sourceTree = "<group>"; };
		FDC0945918567CFA00DF219E /* DOFCalculatorTests.m */ = {isa = PBXFileReference; fileEncoding = 4; lastKnownFileType = sourcecode.c.objc; path = DOFCalculatorTests.m; sourceTree = "<group>"; };
		FDC0945C1856DA4200DF219E /* dof_explained.gif */ = {isa = PBXFileReference; lastKnownFileType = image.gif; path = dof_explained.gif; sourceTree = "<group>"; };
		FDC0945E1857E64200DF219E /* CameraRepository.plist */ = {isa = PBXFileReference; fileEncoding = 4; lastKnownFileType = text.plist.xml; path = CameraRepository.plist; sourceTree = "<group>"; };
/* End PBXFileReference section */

/* Begin PBXFrameworksBuildPhase section */
		FD7A2B3318488E68007ADDA5 /* Frameworks */ = {
			isa = PBXFrameworksBuildPhase;
			buildActionMask = 2147483647;
			files = (
				FD7A2B3C18488E68007ADDA5 /* CoreGraphics.framework in Frameworks */,
				FD7A2B3E18488E68007ADDA5 /* UIKit.framework in Frameworks */,
				FD7A2B3A18488E68007ADDA5 /* Foundation.framework in Frameworks */,
			);
			runOnlyForDeploymentPostprocessing = 0;
		};
		FD7A2B5418488E68007ADDA5 /* Frameworks */ = {
			isa = PBXFrameworksBuildPhase;
			buildActionMask = 2147483647;
			files = (
				FD7A2B5918488E68007ADDA5 /* XCTest.framework in Frameworks */,
				FD7A2B5B18488E68007ADDA5 /* UIKit.framework in Frameworks */,
				FD7A2B5A18488E68007ADDA5 /* Foundation.framework in Frameworks */,
			);
			runOnlyForDeploymentPostprocessing = 0;
		};
/* End PBXFrameworksBuildPhase section */

/* Begin PBXGroup section */
		FD0DD0BC185030A3009EF4D0 /* Images */ = {
			isa = PBXGroup;
			children = (
				FDC0945C1856DA4200DF219E /* dof_explained.gif */,
			);
			name = Images;
			sourceTree = "<group>";
		};
		FD7A2B2D18488E68007ADDA5 = {
			isa = PBXGroup;
			children = (
				FD7A2B3F18488E68007ADDA5 /* CameraKit */,
				FD0DD0C3185141E3009EF4D0 /* Aperture.h */,
				FD0DD0C4185141E3009EF4D0 /* Aperture.m */,
				FD0DD0C5185141E3009EF4D0 /* Camera.h */,
				FD0DD0C6185141E3009EF4D0 /* Camera.m */,
				FD0DD0C7185141E3009EF4D0 /* DOFCalculator.h */,
				FD0DD0C8185141E3009EF4D0 /* DOFCalculator.m */,
				FD7A2B5E18488E68007ADDA5 /* CameraKitTests */,
				FD7A2B3818488E68007ADDA5 /* Frameworks */,
				FD7A2B3718488E68007ADDA5 /* Products */,
			);
			sourceTree = "<group>";
		};
		FD7A2B3718488E68007ADDA5 /* Products */ = {
			isa = PBXGroup;
			children = (
				FD7A2B3618488E68007ADDA5 /* CameraKit.app */,
				FD7A2B5718488E68007ADDA5 /* CameraKitTests.xctest */,
			);
			name = Products;
			sourceTree = "<group>";
		};
		FD7A2B3818488E68007ADDA5 /* Frameworks */ = {
			isa = PBXGroup;
			children = (
				FD7A2B3918488E68007ADDA5 /* Foundation.framework */,
				FD7A2B3B18488E68007ADDA5 /* CoreGraphics.framework */,
				FD7A2B3D18488E68007ADDA5 /* UIKit.framework */,
				FD7A2B5818488E68007ADDA5 /* XCTest.framework */,
			);
			name = Frameworks;
			sourceTree = "<group>";
		};
		FD7A2B3F18488E68007ADDA5 /* CameraKit */ = {
			isa = PBXGroup;
			children = (
				FD7A2B4818488E68007ADDA5 /* AppDelegate.h */,
				FD7A2B4918488E68007ADDA5 /* AppDelegate.m */,
				FD7A2B4B18488E68007ADDA5 /* Main.storyboard */,
				FD7A2B4E18488E68007ADDA5 /* DOFCalculatorViewController.h */,
				FD7A2B4F18488E68007ADDA5 /* DOFCalculatorViewController.m */,
				FD839CF1184EC56D00E1B897 /* CameraBrandTableViewController.h */,
				FD839CF2184EC56D00E1B897 /* CameraBrandTableViewController.m */,
				FD839CF4184EDD6C00E1B897 /* CameraModelTableViewController.h */,
				FD839CF5184EDD6C00E1B897 /* CameraModelTableViewController.m */,
				FD7A2B5118488E68007ADDA5 /* Images.xcassets */,
				FDC0945E1857E64200DF219E /* CameraRepository.plist */,
				FD7A2B4018488E68007ADDA5 /* Supporting Files */,
			);
			path = CameraKit;
			sourceTree = "<group>";
		};
		FD7A2B4018488E68007ADDA5 /* Supporting Files */ = {
			isa = PBXGroup;
			children = (
				FD0DD0BC185030A3009EF4D0 /* Images */,
				FD7A2B4118488E68007ADDA5 /* CameraKit-Info.plist */,
				FD7A2B4218488E68007ADDA5 /* InfoPlist.strings */,
				FD7A2B4518488E68007ADDA5 /* main.m */,
				FD7A2B4718488E68007ADDA5 /* CameraKit-Prefix.pch */,
			);
			name = "Supporting Files";
			sourceTree = "<group>";
		};
		FD7A2B5E18488E68007ADDA5 /* CameraKitTests */ = {
			isa = PBXGroup;
			children = (
				FDC0945918567CFA00DF219E /* DOFCalculatorTests.m */,
				FD7A2B6418488E68007ADDA5 /* CameraKitTests.m */,
				FD7A2B5F18488E68007ADDA5 /* Supporting Files */,
			);
			path = CameraKitTests;
			sourceTree = "<group>";
		};
		FD7A2B5F18488E68007ADDA5 /* Supporting Files */ = {
			isa = PBXGroup;
			children = (
				FD7A2B6018488E68007ADDA5 /* CameraKitTests-Info.plist */,
				FD7A2B6118488E68007ADDA5 /* InfoPlist.strings */,
			);
			name = "Supporting Files";
			sourceTree = "<group>";
		};
/* End PBXGroup section */

/* Begin PBXNativeTarget section */
		FD7A2B3518488E68007ADDA5 /* CameraKit */ = {
			isa = PBXNativeTarget;
			buildConfigurationList = FD7A2B6818488E68007ADDA5 /* Build configuration list for PBXNativeTarget "CameraKit" */;
			buildPhases = (
				FD7A2B3218488E68007ADDA5 /* Sources */,
				FD7A2B3318488E68007ADDA5 /* Frameworks */,
				FD7A2B3418488E68007ADDA5 /* Resources */,
			);
			buildRules = (
			);
			dependencies = (
			);
			name = CameraKit;
			productName = CameraKit;
			productReference = FD7A2B3618488E68007ADDA5 /* CameraKit.app */;
			productType = "com.apple.product-type.application";
		};
		FD7A2B5618488E68007ADDA5 /* CameraKitTests */ = {
			isa = PBXNativeTarget;
			buildConfigurationList = FD7A2B6B18488E68007ADDA5 /* Build configuration list for PBXNativeTarget "CameraKitTests" */;
			buildPhases = (
				FD7A2B5318488E68007ADDA5 /* Sources */,
				FD7A2B5418488E68007ADDA5 /* Frameworks */,
				FD7A2B5518488E68007ADDA5 /* Resources */,
			);
			buildRules = (
			);
			dependencies = (
				FD7A2B5D18488E68007ADDA5 /* PBXTargetDependency */,
			);
			name = CameraKitTests;
			productName = CameraKitTests;
			productReference = FD7A2B5718488E68007ADDA5 /* CameraKitTests.xctest */;
			productType = "com.apple.product-type.bundle.unit-test";
		};
/* End PBXNativeTarget section */

/* Begin PBXProject section */
		FD7A2B2E18488E68007ADDA5 /* Project object */ = {
			isa = PBXProject;
			attributes = {
				LastUpgradeCheck = 0500;
				ORGANIZATIONNAME = "Luka Kruscic";
				TargetAttributes = {
					FD7A2B3518488E68007ADDA5 = {
						DevelopmentTeam = 9U8YE8T6DY;
					};
					FD7A2B5618488E68007ADDA5 = {
						TestTargetID = FD7A2B3518488E68007ADDA5;
					};
				};
			};
			buildConfigurationList = FD7A2B3118488E68007ADDA5 /* Build configuration list for PBXProject "CameraKit" */;
			compatibilityVersion = "Xcode 3.2";
			developmentRegion = English;
			hasScannedForEncodings = 0;
			knownRegions = (
				en,
				Base,
			);
			mainGroup = FD7A2B2D18488E68007ADDA5;
			productRefGroup = FD7A2B3718488E68007ADDA5 /* Products */;
			projectDirPath = "";
			projectRoot = "";
			targets = (
				FD7A2B3518488E68007ADDA5 /* CameraKit */,
				FD7A2B5618488E68007ADDA5 /* CameraKitTests */,
			);
		};
/* End PBXProject section */

/* Begin PBXResourcesBuildPhase section */
		FD7A2B3418488E68007ADDA5 /* Resources */ = {
			isa = PBXResourcesBuildPhase;
			buildActionMask = 2147483647;
			files = (
				FDC0945F1857E64200DF219E /* CameraRepository.plist in Resources */,
				FD7A2B5218488E68007ADDA5 /* Images.xcassets in Resources */,
				FD7A2B4418488E68007ADDA5 /* InfoPlist.strings in Resources */,
				FD7A2B4D18488E68007ADDA5 /* Main.storyboard in Resources */,
				FDC0945D1856DA4200DF219E /* dof_explained.gif in Resources */,
			);
			runOnlyForDeploymentPostprocessing = 0;
		};
		FD7A2B5518488E68007ADDA5 /* Resources */ = {
			isa = PBXResourcesBuildPhase;
			buildActionMask = 2147483647;
			files = (
				FD7A2B6318488E68007ADDA5 /* InfoPlist.strings in Resources */,
			);
			runOnlyForDeploymentPostprocessing = 0;
		};
/* End PBXResourcesBuildPhase section */

/* Begin PBXSourcesBuildPhase section */
		FD7A2B3218488E68007ADDA5 /* Sources */ = {
			isa = PBXSourcesBuildPhase;
			buildActionMask = 2147483647;
			files = (
				FD0DD0CA185141E3009EF4D0 /* Camera.m in Sources */,
				FD839CF3184EC56E00E1B897 /* CameraBrandTableViewController.m in Sources */,
				FD0DD0C9185141E3009EF4D0 /* Aperture.m in Sources */,
				FD7A2B5018488E68007ADDA5 /* DOFCalculatorViewController.m in Sources */,
				FD7A2B4A18488E68007ADDA5 /* AppDelegate.m in Sources */,
				FD0DD0CB185141E3009EF4D0 /* DOFCalculator.m in Sources */,
				FD839CF6184EDD6C00E1B897 /* CameraModelTableViewController.m in Sources */,
				FD7A2B4618488E68007ADDA5 /* main.m in Sources */,
			);
			runOnlyForDeploymentPostprocessing = 0;
		};
		FD7A2B5318488E68007ADDA5 /* Sources */ = {
			isa = PBXSourcesBuildPhase;
			buildActionMask = 2147483647;
			files = (
				FD7A2B6518488E68007ADDA5 /* CameraKitTests.m in Sources */,
				FDC0945A18567CFA00DF219E /* DOFCalculatorTests.m in Sources */,
			);
			runOnlyForDeploymentPostprocessing = 0;
		};
/* End PBXSourcesBuildPhase section */

/* Begin PBXTargetDependency section */
		FD7A2B5D18488E68007ADDA5 /* PBXTargetDependency */ = {
			isa = PBXTargetDependency;
			target = FD7A2B3518488E68007ADDA5 /* CameraKit */;
			targetProxy = FD7A2B5C18488E68007ADDA5 /* PBXContainerItemProxy */;
		};
/* End PBXTargetDependency section */

/* Begin PBXVariantGroup section */
		FD7A2B4218488E68007ADDA5 /* InfoPlist.strings */ = {
			isa = PBXVariantGroup;
			children = (
				FD7A2B4318488E68007ADDA5 /* en */,
			);
			name = InfoPlist.strings;
			sourceTree = "<group>";
		};
		FD7A2B4B18488E68007ADDA5 /* Main.storyboard */ = {
			isa = PBXVariantGroup;
			children = (
				FD7A2B4C18488E68007ADDA5 /* Base */,
			);
			name = Main.storyboard;
			sourceTree = "<group>";
		};
		FD7A2B6118488E68007ADDA5 /* InfoPlist.strings */ = {
			isa = PBXVariantGroup;
			children = (
				FD7A2B6218488E68007ADDA5 /* en */,
			);
			name = InfoPlist.strings;
			sourceTree = "<group>";
		};
/* End PBXVariantGroup section */

/* Begin XCBuildConfiguration section */
		FD7A2B6618488E68007ADDA5 /* Debug */ = {
			isa = XCBuildConfiguration;
			buildSettings = {
				ALWAYS_SEARCH_USER_PATHS = NO;
				ARCHS = "$(ARCHS_STANDARD_INCLUDING_64_BIT)";
				CLANG_CXX_LANGUAGE_STANDARD = "gnu++0x";
				CLANG_CXX_LIBRARY = "libc++";
				CLANG_ENABLE_MODULES = YES;
				CLANG_ENABLE_OBJC_ARC = YES;
				CLANG_WARN_BOOL_CONVERSION = YES;
				CLANG_WARN_CONSTANT_CONVERSION = YES;
				CLANG_WARN_DIRECT_OBJC_ISA_USAGE = YES_ERROR;
				CLANG_WARN_EMPTY_BODY = YES;
				CLANG_WARN_ENUM_CONVERSION = YES;
				CLANG_WARN_INT_CONVERSION = YES;
				CLANG_WARN_OBJC_ROOT_CLASS = YES_ERROR;
				CLANG_WARN__DUPLICATE_METHOD_MATCH = YES;
				"CODE_SIGN_IDENTITY[sdk=iphoneos*]" = "iPhone Developer";
				COPY_PHASE_STRIP = NO;
				GCC_C_LANGUAGE_STANDARD = gnu99;
				GCC_DYNAMIC_NO_PIC = NO;
				GCC_OPTIMIZATION_LEVEL = 0;
				GCC_PREPROCESSOR_DEFINITIONS = (
					"DEBUG=1",
					"$(inherited)",
				);
				GCC_SYMBOLS_PRIVATE_EXTERN = NO;
				GCC_WARN_64_TO_32_BIT_CONVERSION = YES;
				GCC_WARN_ABOUT_RETURN_TYPE = YES_ERROR;
				GCC_WARN_UNDECLARED_SELECTOR = YES;
				GCC_WARN_UNINITIALIZED_AUTOS = YES;
				GCC_WARN_UNUSED_FUNCTION = YES;
				GCC_WARN_UNUSED_VARIABLE = YES;
				IPHONEOS_DEPLOYMENT_TARGET = 7.0;
				ONLY_ACTIVE_ARCH = YES;
				SDKROOT = iphoneos;
			};
			name = Debug;
		};
		FD7A2B6718488E68007ADDA5 /* Release */ = {
			isa = XCBuildConfiguration;
			buildSettings = {
				ALWAYS_SEARCH_USER_PATHS = NO;
				ARCHS = "$(ARCHS_STANDARD_INCLUDING_64_BIT)";
				CLANG_CXX_LANGUAGE_STANDARD = "gnu++0x";
				CLANG_CXX_LIBRARY = "libc++";
				CLANG_ENABLE_MODULES = YES;
				CLANG_ENABLE_OBJC_ARC = YES;
				CLANG_WARN_BOOL_CONVERSION = YES;
				CLANG_WARN_CONSTANT_CONVERSION = YES;
				CLANG_WARN_DIRECT_OBJC_ISA_USAGE = YES_ERROR;
				CLANG_WARN_EMPTY_BODY = YES;
				CLANG_WARN_ENUM_CONVERSION = YES;
				CLANG_WARN_INT_CONVERSION = YES;
				CLANG_WARN_OBJC_ROOT_CLASS = YES_ERROR;
				CLANG_WARN__DUPLICATE_METHOD_MATCH = YES;
				"CODE_SIGN_IDENTITY[sdk=iphoneos*]" = "iPhone Developer";
				COPY_PHASE_STRIP = YES;
				ENABLE_NS_ASSERTIONS = NO;
				GCC_C_LANGUAGE_STANDARD = gnu99;
				GCC_WARN_64_TO_32_BIT_CONVERSION = YES;
				GCC_WARN_ABOUT_RETURN_TYPE = YES_ERROR;
				GCC_WARN_UNDECLARED_SELECTOR = YES;
				GCC_WARN_UNINITIALIZED_AUTOS = YES;
				GCC_WARN_UNUSED_FUNCTION = YES;
				GCC_WARN_UNUSED_VARIABLE = YES;
				IPHONEOS_DEPLOYMENT_TARGET = 7.0;
				SDKROOT = iphoneos;
				VALIDATE_PRODUCT = YES;
			};
			name = Release;
		};
		FD7A2B6918488E68007ADDA5 /* Debug */ = {
			isa = XCBuildConfiguration;
			buildSettings = {
				ASSETCATALOG_COMPILER_APPICON_NAME = AppIcon;
				ASSETCATALOG_COMPILER_LAUNCHIMAGE_NAME = LaunchImage;
				CODE_SIGN_IDENTITY = "iPhone Developer";
				GCC_PRECOMPILE_PREFIX_HEADER = YES;
				GCC_PREFIX_HEADER = "CameraKit/CameraKit-Prefix.pch";
				INFOPLIST_FILE = "CameraKit/CameraKit-Info.plist";
				PRODUCT_NAME = "$(TARGET_NAME)";
				WRAPPER_EXTENSION = app;
			};
			name = Debug;
		};
		FD7A2B6A18488E68007ADDA5 /* Release */ = {
			isa = XCBuildConfiguration;
			buildSettings = {
				ASSETCATALOG_COMPILER_APPICON_NAME = AppIcon;
				ASSETCATALOG_COMPILER_LAUNCHIMAGE_NAME = LaunchImage;
				CODE_SIGN_IDENTITY = "iPhone Developer";
				GCC_PRECOMPILE_PREFIX_HEADER = YES;
				GCC_PREFIX_HEADER = "CameraKit/CameraKit-Prefix.pch";
				INFOPLIST_FILE = "CameraKit/CameraKit-Info.plist";
				PRODUCT_NAME = "$(TARGET_NAME)";
				WRAPPER_EXTENSION = app;
			};
			name = Release;
		};
		FD7A2B6C18488E68007ADDA5 /* Debug */ = {
			isa = XCBuildConfiguration;
			buildSettings = {
				ARCHS = "$(ARCHS_STANDARD_INCLUDING_64_BIT)";
				BUNDLE_LOADER = "$(BUILT_PRODUCTS_DIR)/CameraKit.app/CameraKit";
				FRAMEWORK_SEARCH_PATHS = (
					"$(SDKROOT)/Developer/Library/Frameworks",
					"$(inherited)",
					"$(DEVELOPER_FRAMEWORKS_DIR)",
				);
				GCC_PRECOMPILE_PREFIX_HEADER = YES;
				GCC_PREFIX_HEADER = "CameraKit/CameraKit-Prefix.pch";
				GCC_PREPROCESSOR_DEFINITIONS = (
					"DEBUG=1",
					"$(inherited)",
				);
				INFOPLIST_FILE = "CameraKitTests/CameraKitTests-Info.plist";
				PRODUCT_NAME = "$(TARGET_NAME)";
				TEST_HOST = "$(BUNDLE_LOADER)";
				WRAPPER_EXTENSION = xctest;
			};
			name = Debug;
		};
		FD7A2B6D18488E68007ADDA5 /* Release */ = {
			isa = XCBuildConfiguration;
			buildSettings = {
				ARCHS = "$(ARCHS_STANDARD_INCLUDING_64_BIT)";
				BUNDLE_LOADER = "$(BUILT_PRODUCTS_DIR)/CameraKit.app/CameraKit";
				FRAMEWORK_SEARCH_PATHS = (
					"$(SDKROOT)/Developer/Library/Frameworks",
					"$(inherited)",
					"$(DEVELOPER_FRAMEWORKS_DIR)",
				);
				GCC_PRECOMPILE_PREFIX_HEADER = YES;
				GCC_PREFIX_HEADER = "CameraKit/CameraKit-Prefix.pch";
				INFOPLIST_FILE = "CameraKitTests/CameraKitTests-Info.plist";
				PRODUCT_NAME = "$(TARGET_NAME)";
				TEST_HOST = "$(BUNDLE_LOADER)";
				WRAPPER_EXTENSION = xctest;
			};
			name = Release;
		};
/* End XCBuildConfiguration section */

/* Begin XCConfigurationList section */
		FD7A2B3118488E68007ADDA5 /* Build configuration list for PBXProject "CameraKit" */ = {
			isa = XCConfigurationList;
			buildConfigurations = (
				FD7A2B6618488E68007ADDA5 /* Debug */,
				FD7A2B6718488E68007ADDA5 /* Release */,
			);
			defaultConfigurationIsVisible = 0;
			defaultConfigurationName = Release;
		};
		FD7A2B6818488E68007ADDA5 /* Build configuration list for PBXNativeTarget "CameraKit" */ = {
			isa = XCConfigurationList;
			buildConfigurations = (
				FD7A2B6918488E68007ADDA5 /* Debug */,
				FD7A2B6A18488E68007ADDA5 /* Release */,
			);
			defaultConfigurationIsVisible = 0;
			defaultConfigurationName = Release;
		};
		FD7A2B6B18488E68007ADDA5 /* Build configuration list for PBXNativeTarget "CameraKitTests" */ = {
			isa = XCConfigurationList;
			buildConfigurations = (
				FD7A2B6C18488E68007ADDA5 /* Debug */,
				FD7A2B6D18488E68007ADDA5 /* Release */,
			);
			defaultConfigurationIsVisible = 0;
			defaultConfigurationName = Release;
		};
/* End XCConfigurationList section */
	};
	rootObject = FD7A2B2E18488E68007ADDA5 /* Project object */;
}
